<?xml version="1.0" encoding="utf-8"?>
<Project ToolsVersion="4.0" xmlns="http://schemas.microsoft.com/developer/msbuild/2003">
  <ItemGroup>
    <Filter Include="소스 파일">
      <UniqueIdentifier>{4FC737F1-C7A5-4376-A066-2A32D752A2FF}</UniqueIdentifier>
      <Extensions>cpp;c;cxx;def;odl;idl;hpj;bat;asm;asmx</Extensions>
    </Filter>
    <Filter Include="헤더 파일">
      <UniqueIdentifier>{93995380-89BD-4b04-88EB-625FBE52EBFB}</UniqueIdentifier>
      <Extensions>h;hpp;hxx;hm;inl;inc;xsd</Extensions>
    </Filter>
    <Filter Include="리소스 파일">
      <UniqueIdentifier>{67DA6AB6-F800-4c08-8B7A-83BB121AAD01}</UniqueIdentifier>
      <Extensions>rc;ico;cur;bmp;dlg;rc2;rct;bin;rgs;gif;jpg;jpeg;jpe;resx</Extensions>
    </Filter>
    <Filter Include="Exception">
      <UniqueIdentifier>{84ff2b08-9888-4342-ad0b-204b2704f702}</UniqueIdentifier>
    </Filter>
  </ItemGroup>
  <ItemGroup>
    <ClCompile Include="MrAffineTransformation.cpp">
      <Filter>소스 파일</Filter>
    </ClCompile>
    <ClCompile Include="MrAxis1.cpp">
      <Filter>소스 파일</Filter>
    </ClCompile>
    <ClCompile Include="MrAxis2.cpp">
      <Filter>소스 파일</Filter>
    </ClCompile>
    <ClCompile Include="MrDirection.cpp">
      <Filter>소스 파일</Filter>
    </ClCompile>
    <ClCompile Include="MrException.cpp">
      <Filter>소스 파일</Filter>
    </ClCompile>
    <ClCompile Include="MrMath.cpp">
      <Filter>소스 파일</Filter>
    </ClCompile>
    <ClCompile Include="MrMatrix.cpp">
      <Filter>소스 파일</Filter>
    </ClCompile>
    <ClCompile Include="MrPosition.cpp">
      <Filter>소스 파일</Filter>
    </ClCompile>
    <ClCompile Include="MrString.cpp">
      <Filter>소스 파일</Filter>
    </ClCompile>
    <ClCompile Include="MrTolerance.cpp">
      <Filter>소스 파일</Filter>
    </ClCompile>
    <ClCompile Include="MrTransformation.cpp">
      <Filter>소스 파일</Filter>
    </ClCompile>
    <ClCompile Include="MrVector.cpp">
      <Filter>소스 파일</Filter>
    </ClCompile>
    <ClCompile Include="MrArgumentOutOfRangeException.cpp">
      <Filter>Exception</Filter>
    </ClCompile>
    <ClCompile Include="MrIlligalArgumentException.cpp">
      <Filter>Exception</Filter>
    </ClCompile>
    <ClCompile Include="MrInvalidNormalizationException.cpp">
      <Filter>Exception</Filter>
    </ClCompile>
    <ClCompile Include="MrSingularMatrixException.cpp">
      <Filter>Exception</Filter>
    </ClCompile>
  </ItemGroup>
  <ItemGroup>
    <ClInclude Include="MathRepresentation.h">
      <Filter>헤더 파일</Filter>
    </ClInclude>
    <ClInclude Include="MrAffineTransformation.h">
      <Filter>헤더 파일</Filter>
    </ClInclude>
    <ClInclude Include="MrAxis1.h">
      <Filter>헤더 파일</Filter>
    </ClInclude>
    <ClInclude Include="MrAxis2.h">
      <Filter>헤더 파일</Filter>
    </ClInclude>
    <ClInclude Include="MrDebug.h">
      <Filter>헤더 파일</Filter>
    </ClInclude>
    <ClInclude Include="MrDirection.h">
      <Filter>헤더 파일</Filter>
    </ClInclude>
    <ClInclude Include="MrException.h">
      <Filter>헤더 파일</Filter>
    </ClInclude>
    <ClInclude Include="MrExceptionTest.h">
      <Filter>헤더 파일</Filter>
    </ClInclude>
    <ClInclude Include="MrMacro.h">
      <Filter>헤더 파일</Filter>
    </ClInclude>
    <ClInclude Include="MrMath.h">
      <Filter>헤더 파일</Filter>
    </ClInclude>
    <ClInclude Include="MrMatrix.h">
      <Filter>헤더 파일</Filter>
    </ClInclude>
    <ClInclude Include="MrPosition.h">
      <Filter>헤더 파일</Filter>
    </ClInclude>
    <ClInclude Include="MrString.h">
      <Filter>헤더 파일</Filter>
    </ClInclude>
    <ClInclude Include="MrTolerance.h">
      <Filter>헤더 파일</Filter>
    </ClInclude>
    <ClInclude Include="MrTransformation.h">
      <Filter>헤더 파일</Filter>
    </ClInclude>
    <ClInclude Include="MrVector.h">
      <Filter>헤더 파일</Filter>
    </ClInclude>
    <ClInclude Include="MrArgumentOutOfRangeException.h">
      <Filter>Exception</Filter>
    </ClInclude>
    <ClInclude Include="MrIlligalArgumentException.h">
      <Filter>Exception</Filter>
    </ClInclude>
    <ClInclude Include="MrInvalidNormalizationException.h">
      <Filter>Exception</Filter>
    </ClInclude>
    <ClInclude Include="MrSingularMatrixException.h">
      <Filter>Exception</Filter>
    </ClInclude>
  </ItemGroup>
</Project>